{
	"name": "alcumus-portal",
	"version": "2.13.0",
	"lockfileVersion": 1,
	"requires": true,
	"dependencies": {
		"@material-ui/lab": {
			"version": "4.0.0-alpha.61",
			"resolved": "https://registry.npmjs.org/@material-ui/lab/-/lab-4.0.0-alpha.61.tgz",
			"integrity": "sha512-rSzm+XKiNUjKegj8bzt5+pygZeckNLOr+IjykH8sYdVk7dE9y2ZuUSofiMV2bJk3qU+JHwexmw+q0RyNZB9ugg==",
			"requires": {
				"@babel/runtime": "^7.4.4",
				"@material-ui/utils": "^4.11.3",
				"clsx": "^1.0.4",
				"prop-types": "^15.7.2",
				"react-is": "^16.8.0 || ^17.0.0"
			},
			"dependencies": {
				"@babel/runtime": {
					"version": "7.17.9",
					"resolved": "https://registry.npmjs.org/@babel/runtime/-/runtime-7.17.9.tgz",
					"integrity": "sha512-lSiBBvodq29uShpWGNbgFdKYNiFDo5/HIYsaCEY9ff4sb10x9jizo2+pRrSyF4jKZCXqgzuqBOQKbUm90gQwJg==",
					"requires": {
						"regenerator-runtime": "^0.13.4"
					}
				},
				"@material-ui/utils": {
					"version": "4.11.3",
					"resolved": "https://registry.npmjs.org/@material-ui/utils/-/utils-4.11.3.tgz",
					"integrity": "sha512-ZuQPV4rBK/V1j2dIkSSEcH5uT6AaHuKWFfotADHsC0wVL1NLd2WkFCm4ZZbX33iO4ydl6V0GPngKm8HZQ2oujg==",
					"requires": {
						"@babel/runtime": "^7.4.4",
						"prop-types": "^15.7.2",
						"react-is": "^16.8.0 || ^17.0.0"
					}
				},
				"clsx": {
					"version": "1.1.1",
					"resolved": "https://registry.npmjs.org/clsx/-/clsx-1.1.1.tgz",
					"integrity": "sha512-6/bPho624p3S2pMyvP5kKBPXnI3ufHLObBFCfgx+LkeR5lg2XYy2hqZqUf45ypD8COn2bhgGJSUE+l5dhNBieA=="
				},
				"js-tokens": {
					"version": "4.0.0",
					"resolved": "https://registry.npmjs.org/js-tokens/-/js-tokens-4.0.0.tgz",
					"integrity": "sha512-RdJUflcE3cUzKiMqQgsCu06FPu9UdIJO0beYbPhHN4k6apgJtifcoCtT9bcxOpYBtpD2kCM6Sbzg4CausW/PKQ=="
				},
				"loose-envify": {
					"version": "1.4.0",
					"resolved": "https://registry.npmjs.org/loose-envify/-/loose-envify-1.4.0.tgz",
					"integrity": "sha512-lyuxPGr/Wfhrlem2CL/UcnUc1zcqKAImBDzukY7Y5F/yQiNdko6+fRLevlw1HgMySw7f611UIY408EtxRSoK3Q==",
					"requires": {
						"js-tokens": "^3.0.0 || ^4.0.0"
					}
				},
				"object-assign": {
					"version": "4.1.1",
					"resolved": "https://registry.npmjs.org/object-assign/-/object-assign-4.1.1.tgz",
					"integrity": "sha1-IQmtx5ZYh8/AXLvUQsrIv7s2CGM="
				},
				"prop-types": {
					"version": "15.8.1",
					"resolved": "https://registry.npmjs.org/prop-types/-/prop-types-15.8.1.tgz",
					"integrity": "sha512-oj87CgZICdulUohogVAR7AjlC0327U4el4L6eAvOqCeudMDVU0NThNaV+b9Df4dXgSP1gXMTnPdhfe/2qDH5cg==",
					"requires": {
						"loose-envify": "^1.4.0",
						"object-assign": "^4.1.1",
						"react-is": "^16.13.1"
					},
					"dependencies": {
						"react-is": {
							"version": "16.13.1",
							"resolved": "https://registry.npmjs.org/react-is/-/react-is-16.13.1.tgz",
							"integrity": "sha512-24e6ynE2H+OKt4kqsOvNd8kBpV65zoxbA4BVsEOB3ARVWQki/DHzaUoC5KuON/BiccDaCCTZBuOcfZs70kR8bQ=="
						}
					}
				},
				"react-is": {
					"version": "17.0.2",
					"resolved": "https://registry.npmjs.org/react-is/-/react-is-17.0.2.tgz",
					"integrity": "sha512-w2GsyukL62IJnlaff/nRegPQR94C/XXamvMWmSHRJ4y7Ts/4ocGRmTHvOs8PSE6pB3dWOrD/nueuU5sduBsQ4w=="
				},
				"regenerator-runtime": {
					"version": "0.13.9",
					"resolved": "https://registry.npmjs.org/regenerator-runtime/-/regenerator-runtime-0.13.9.tgz",
					"integrity": "sha512-p3VT+cOEgxFsRRA9X4lkI1E+k2/CtnKtU4gcxyaCUreilL/vqI6CdZ3wxVUx3UOUg+gnUOQQcRI7BmSI656MYA=="
				}
			}
		},
		"eslint-plugin-react": {
			"version": "7.29.3",
			"resolved": "https://registry.npmjs.org/eslint-plugin-react/-/eslint-plugin-react-7.29.3.tgz",
			"integrity": "sha512-MzW6TuCnDOcta67CkpDyRfRsEVx9FNMDV8wZsDqe1luHPdGTrQIUaUXD27Ja3gHsdOIs/cXzNchWGlqm+qRVRg==",
			"dev": true,
			"requires": {
				"array-includes": "^3.1.4",
				"array.prototype.flatmap": "^1.2.5",
				"doctrine": "^2.1.0",
				"estraverse": "^5.3.0",
				"jsx-ast-utils": "^2.4.1 || ^3.0.0",
				"minimatch": "^3.1.2",
				"object.entries": "^1.1.5",
				"object.fromentries": "^2.0.5",
				"object.hasown": "^1.1.0",
				"object.values": "^1.1.5",
				"prop-types": "^15.8.1",
				"resolve": "^2.0.0-next.3",
				"semver": "^6.3.0",
				"string.prototype.matchall": "^4.0.6"
			},
			"dependencies": {
				"array-includes": {
					"version": "3.1.4",
					"resolved": "https://registry.npmjs.org/array-includes/-/array-includes-3.1.4.tgz",
					"integrity": "sha512-ZTNSQkmWumEbiHO2GF4GmWxYVTiQyJy2XOTa15sdQSrvKn7l+180egQMqlrMOUMCyLMD7pmyQe4mMDUT6Behrw==",
					"dev": true,
					"requires": {
						"call-bind": "^1.0.2",
						"define-properties": "^1.1.3",
						"es-abstract": "^1.19.1",
						"get-intrinsic": "^1.1.1",
						"is-string": "^1.0.7"
					}
				},
				"array.prototype.flatmap": {
					"version": "1.3.0",
					"resolved": "https://registry.npmjs.org/array.prototype.flatmap/-/array.prototype.flatmap-1.3.0.tgz",
					"integrity": "sha512-PZC9/8TKAIxcWKdyeb77EzULHPrIX/tIZebLJUQOMR1OwYosT8yggdfWScfTBCDj5utONvOuPQQumYsU2ULbkg==",
					"dev": true,
					"requires": {
						"call-bind": "^1.0.2",
						"define-properties": "^1.1.3",
						"es-abstract": "^1.19.2",
						"es-shim-unscopables": "^1.0.0"
					}
				},
				"balanced-match": {
					"version": "1.0.2",
					"resolved": "https://registry.npmjs.org/balanced-match/-/balanced-match-1.0.2.tgz",
					"integrity": "sha512-3oSeUO0TMV67hN1AmbXsK4yaqU7tjiHlbxRDZOpH0KW9+CeX4bRAaX0Anxt0tx2MrpRpWwQaPwIlISEJhYU5Pw==",
					"dev": true
				},
				"brace-expansion": {
					"version": "1.1.11",
					"resolved": "https://registry.npmjs.org/brace-expansion/-/brace-expansion-1.1.11.tgz",
					"integrity": "sha512-iCuPHDFgrHX7H2vEI/5xpz07zSHB00TpugqhmYtVmMO6518mCuRMoOYFldEBl0g187ufozdaHgWKcYFb61qGiA==",
					"dev": true,
					"requires": {
						"balanced-match": "^1.0.0",
						"concat-map": "0.0.1"
					}
				},
				"call-bind": {
					"version": "1.0.2",
					"resolved": "https://registry.npmjs.org/call-bind/-/call-bind-1.0.2.tgz",
					"integrity": "sha512-7O+FbCihrB5WGbFYesctwmTKae6rOiIzmz1icreWJ+0aA7LJfuqhEso2T9ncpcFtzMQtzXf2QGGueWJGTYsqrA==",
					"dev": true,
					"requires": {
						"function-bind": "^1.1.1",
						"get-intrinsic": "^1.0.2"
					}
				},
				"concat-map": {
					"version": "0.0.1",
					"resolved": "https://registry.npmjs.org/concat-map/-/concat-map-0.0.1.tgz",
					"integrity": "sha1-2Klr13/Wjfd5OnMDajug1UBdR3s=",
					"dev": true
				},
				"define-properties": {
					"version": "1.1.4",
					"resolved": "https://registry.npmjs.org/define-properties/-/define-properties-1.1.4.tgz",
					"integrity": "sha512-uckOqKcfaVvtBdsVkdPv3XjveQJsNQqmhXgRi8uhvWWuPYZCNlzT8qAyblUgNoXdHdjMTzAqeGjAoli8f+bzPA==",
					"dev": true,
					"requires": {
						"has-property-descriptors": "^1.0.0",
						"object-keys": "^1.1.1"
					}
				},
				"doctrine": {
					"version": "2.1.0",
					"resolved": "https://registry.npmjs.org/doctrine/-/doctrine-2.1.0.tgz",
					"integrity": "sha512-35mSku4ZXK0vfCuHEDAwt55dg2jNajHZ1odvF+8SSr82EsZY4QmXfuWso8oEd8zRhVObSN18aM0CjSdoBX7zIw==",
					"dev": true,
					"requires": {
						"esutils": "^2.0.2"
					}
				},
				"es-abstract": {
					"version": "1.19.5",
					"resolved": "https://registry.npmjs.org/es-abstract/-/es-abstract-1.19.5.tgz",
					"integrity": "sha512-Aa2G2+Rd3b6kxEUKTF4TaW67czBLyAv3z7VOhYRU50YBx+bbsYZ9xQP4lMNazePuFlybXI0V4MruPos7qUo5fA==",
					"dev": true,
					"requires": {
						"call-bind": "^1.0.2",
						"es-to-primitive": "^1.2.1",
						"function-bind": "^1.1.1",
						"get-intrinsic": "^1.1.1",
						"get-symbol-description": "^1.0.0",
						"has": "^1.0.3",
						"has-symbols": "^1.0.3",
						"internal-slot": "^1.0.3",
						"is-callable": "^1.2.4",
						"is-negative-zero": "^2.0.2",
						"is-regex": "^1.1.4",
						"is-shared-array-buffer": "^1.0.2",
						"is-string": "^1.0.7",
						"is-weakref": "^1.0.2",
						"object-inspect": "^1.12.0",
						"object-keys": "^1.1.1",
						"object.assign": "^4.1.2",
						"string.prototype.trimend": "^1.0.4",
						"string.prototype.trimstart": "^1.0.4",
						"unbox-primitive": "^1.0.1"
					}
				},
				"es-shim-unscopables": {
					"version": "1.0.0",
					"resolved": "https://registry.npmjs.org/es-shim-unscopables/-/es-shim-unscopables-1.0.0.tgz",
					"integrity": "sha512-Jm6GPcCdC30eMLbZ2x8z2WuRwAws3zTBBKuusffYVUrNj/GVSUAZ+xKMaUpfNDR5IbyNA5LJbaecoUVbmUcB1w==",
					"dev": true,
					"requires": {
						"has": "^1.0.3"
					}
				},
				"es-to-primitive": {
					"version": "1.2.1",
					"resolved": "https://registry.npmjs.org/es-to-primitive/-/es-to-primitive-1.2.1.tgz",
					"integrity": "sha512-QCOllgZJtaUo9miYBcLChTUaHNjJF3PYs1VidD7AwiEj1kYxKeQTctLAezAOH5ZKRH0g2IgPn6KwB4IT8iRpvA==",
					"dev": true,
					"requires": {
						"is-callable": "^1.1.4",
						"is-date-object": "^1.0.1",
						"is-symbol": "^1.0.2"
					}
				},
				"estraverse": {
					"version": "5.3.0",
					"resolved": "https://registry.npmjs.org/estraverse/-/estraverse-5.3.0.tgz",
					"integrity": "sha512-MMdARuVEQziNTeJD8DgMqmhwR11BRQ/cBP+pLtYdSTnf3MIO8fFeiINEbX36ZdNlfU/7A9f3gUw49B3oQsvwBA==",
					"dev": true
				},
				"esutils": {
					"version": "2.0.3",
					"resolved": "https://registry.npmjs.org/esutils/-/esutils-2.0.3.tgz",
					"integrity": "sha512-kVscqXk4OCp68SZ0dkgEKVi6/8ij300KBWTJq32P/dYeWTSwK41WyTxalN1eRmA5Z9UU/LX9D7FWSmV9SAYx6g==",
					"dev": true
				},
				"function-bind": {
					"version": "1.1.1",
					"resolved": "https://registry.npmjs.org/function-bind/-/function-bind-1.1.1.tgz",
					"integrity": "sha512-yIovAzMX49sF8Yl58fSCWJ5svSLuaibPxXQJFLmBObTuCr0Mf1KiPopGM9NiFjiYBCbfaa2Fh6breQ6ANVTI0A==",
					"dev": true
				},
				"functions-have-names": {
					"version": "1.2.3",
					"resolved": "https://registry.npmjs.org/functions-have-names/-/functions-have-names-1.2.3.tgz",
					"integrity": "sha512-xckBUXyTIqT97tq2x2AMb+g163b5JFysYk0x4qxNFwbfQkmNZoiRHb6sPzI9/QV33WeuvVYBUIiD4NzNIyqaRQ==",
					"dev": true
				},
				"get-intrinsic": {
					"version": "1.1.1",
					"resolved": "https://registry.npmjs.org/get-intrinsic/-/get-intrinsic-1.1.1.tgz",
					"integrity": "sha512-kWZrnVM42QCiEA2Ig1bG8zjoIMOgxWwYCEeNdwY6Tv/cOSeGpcoX4pXHfKUxNKVoArnrEr2e9srnAxxGIraS9Q==",
					"dev": true,
					"requires": {
						"function-bind": "^1.1.1",
						"has": "^1.0.3",
						"has-symbols": "^1.0.1"
					}
				},
				"get-symbol-description": {
					"version": "1.0.0",
					"resolved": "https://registry.npmjs.org/get-symbol-description/-/get-symbol-description-1.0.0.tgz",
					"integrity": "sha512-2EmdH1YvIQiZpltCNgkuiUnyukzxM/R6NDJX31Ke3BG1Nq5b0S2PhX59UKi9vZpPDQVdqn+1IcaAwnzTT5vCjw==",
					"dev": true,
					"requires": {
						"call-bind": "^1.0.2",
						"get-intrinsic": "^1.1.1"
					}
				},
				"has": {
					"version": "1.0.3",
					"resolved": "https://registry.npmjs.org/has/-/has-1.0.3.tgz",
					"integrity": "sha512-f2dvO0VU6Oej7RkWJGrehjbzMAjFp5/VKPp5tTpWIV4JHHZK1/BxbFRtf/siA2SWTe09caDmVtYYzWEIbBS4zw==",
					"dev": true,
					"requires": {
						"function-bind": "^1.1.1"
					}
				},
				"has-bigints": {
					"version": "1.0.2",
					"resolved": "https://registry.npmjs.org/has-bigints/-/has-bigints-1.0.2.tgz",
					"integrity": "sha512-tSvCKtBr9lkF0Ex0aQiP9N+OpV4zi2r/Nee5VkRDbaqv35RLYMzbwQfFSZZH0kR+Rd6302UJZ2p/bJCEoR3VoQ==",
					"dev": true
				},
				"has-property-descriptors": {
					"version": "1.0.0",
					"resolved": "https://registry.npmjs.org/has-property-descriptors/-/has-property-descriptors-1.0.0.tgz",
					"integrity": "sha512-62DVLZGoiEBDHQyqG4w9xCuZ7eJEwNmJRWw2VY84Oedb7WFcA27fiEVe8oUQx9hAUJ4ekurquucTGwsyO1XGdQ==",
					"dev": true,
					"requires": {
						"get-intrinsic": "^1.1.1"
					}
				},
				"has-symbols": {
					"version": "1.0.3",
					"resolved": "https://registry.npmjs.org/has-symbols/-/has-symbols-1.0.3.tgz",
					"integrity": "sha512-l3LCuF6MgDNwTDKkdYGEihYjt5pRPbEg46rtlmnSPlUbgmB8LOIrKJbYYFBSbnPaJexMKtiPO8hmeRjRz2Td+A==",
					"dev": true
				},
				"has-tostringtag": {
					"version": "1.0.0",
					"resolved": "https://registry.npmjs.org/has-tostringtag/-/has-tostringtag-1.0.0.tgz",
					"integrity": "sha512-kFjcSNhnlGV1kyoGk7OXKSawH5JOb/LzUc5w9B02hOTO0dfFRjbHQKvg1d6cf3HbeUmtU9VbbV3qzZ2Teh97WQ==",
					"dev": true,
					"requires": {
						"has-symbols": "^1.0.2"
					}
				},
				"internal-slot": {
					"version": "1.0.3",
					"resolved": "https://registry.npmjs.org/internal-slot/-/internal-slot-1.0.3.tgz",
					"integrity": "sha512-O0DB1JC/sPyZl7cIo78n5dR7eUSwwpYPiXRhTzNxZVAMUuB8vlnRFyLxdrVToks6XPLVnFfbzaVd5WLjhgg+vA==",
					"dev": true,
					"requires": {
						"get-intrinsic": "^1.1.0",
						"has": "^1.0.3",
						"side-channel": "^1.0.4"
					}
				},
				"is-bigint": {
					"version": "1.0.4",
					"resolved": "https://registry.npmjs.org/is-bigint/-/is-bigint-1.0.4.tgz",
					"integrity": "sha512-zB9CruMamjym81i2JZ3UMn54PKGsQzsJeo6xvN3HJJ4CAsQNB6iRutp2To77OfCNuoxspsIhzaPoO1zyCEhFOg==",
					"dev": true,
					"requires": {
						"has-bigints": "^1.0.1"
					}
				},
				"is-boolean-object": {
					"version": "1.1.2",
					"resolved": "https://registry.npmjs.org/is-boolean-object/-/is-boolean-object-1.1.2.tgz",
					"integrity": "sha512-gDYaKHJmnj4aWxyj6YHyXVpdQawtVLHU5cb+eztPGczf6cjuTdwve5ZIEfgXqH4e57An1D1AKf8CZ3kYrQRqYA==",
					"dev": true,
					"requires": {
						"call-bind": "^1.0.2",
						"has-tostringtag": "^1.0.0"
					}
				},
				"is-callable": {
					"version": "1.2.4",
					"resolved": "https://registry.npmjs.org/is-callable/-/is-callable-1.2.4.tgz",
					"integrity": "sha512-nsuwtxZfMX67Oryl9LCQ+upnC0Z0BgpwntpS89m1H/TLF0zNfzfLMV/9Wa/6MZsj0acpEjAO0KF1xT6ZdLl95w==",
					"dev": true
				},
				"is-core-module": {
					"version": "2.9.0",
					"resolved": "https://registry.npmjs.org/is-core-module/-/is-core-module-2.9.0.tgz",
					"integrity": "sha512-+5FPy5PnwmO3lvfMb0AsoPaBG+5KHUI0wYFXOtYPnVVVspTFUuMZNfNaNVRt3FZadstu2c8x23vykRW/NBoU6A==",
					"dev": true,
					"requires": {
						"has": "^1.0.3"
					}
				},
				"is-date-object": {
					"version": "1.0.5",
					"resolved": "https://registry.npmjs.org/is-date-object/-/is-date-object-1.0.5.tgz",
					"integrity": "sha512-9YQaSxsAiSwcvS33MBk3wTCVnWK+HhF8VZR2jRxehM16QcVOdHqPn4VPHmRK4lSr38n9JriurInLcP90xsYNfQ==",
					"dev": true,
					"requires": {
						"has-tostringtag": "^1.0.0"
					}
				},
				"is-negative-zero": {
					"version": "2.0.2",
					"resolved": "https://registry.npmjs.org/is-negative-zero/-/is-negative-zero-2.0.2.tgz",
					"integrity": "sha512-dqJvarLawXsFbNDeJW7zAz8ItJ9cd28YufuuFzh0G8pNHjJMnY08Dv7sYX2uF5UpQOwieAeOExEYAWWfu7ZZUA==",
					"dev": true
				},
				"is-number-object": {
					"version": "1.0.7",
					"resolved": "https://registry.npmjs.org/is-number-object/-/is-number-object-1.0.7.tgz",
					"integrity": "sha512-k1U0IRzLMo7ZlYIfzRu23Oh6MiIFasgpb9X76eqfFZAqwH44UI4KTBvBYIZ1dSL9ZzChTB9ShHfLkR4pdW5krQ==",
					"dev": true,
					"requires": {
						"has-tostringtag": "^1.0.0"
					}
				},
				"is-regex": {
					"version": "1.1.4",
					"resolved": "https://registry.npmjs.org/is-regex/-/is-regex-1.1.4.tgz",
					"integrity": "sha512-kvRdxDsxZjhzUX07ZnLydzS1TU/TJlTUHHY4YLL87e37oUA49DfkLqgy+VjFocowy29cKvcSiu+kIv728jTTVg==",
					"dev": true,
					"requires": {
						"call-bind": "^1.0.2",
						"has-tostringtag": "^1.0.0"
					}
				},
				"is-shared-array-buffer": {
					"version": "1.0.2",
					"resolved": "https://registry.npmjs.org/is-shared-array-buffer/-/is-shared-array-buffer-1.0.2.tgz",
					"integrity": "sha512-sqN2UDu1/0y6uvXyStCOzyhAjCSlHceFoMKJW8W9EU9cvic/QdsZ0kEU93HEy3IUEFZIiH/3w+AH/UQbPHNdhA==",
					"dev": true,
					"requires": {
						"call-bind": "^1.0.2"
					}
				},
				"is-string": {
					"version": "1.0.7",
					"resolved": "https://registry.npmjs.org/is-string/-/is-string-1.0.7.tgz",
					"integrity": "sha512-tE2UXzivje6ofPW7l23cjDOMa09gb7xlAqG6jG5ej6uPV32TlWP3NKPigtaGeHNu9fohccRYvIiZMfOOnOYUtg==",
					"dev": true,
					"requires": {
						"has-tostringtag": "^1.0.0"
					}
				},
				"is-symbol": {
					"version": "1.0.4",
					"resolved": "https://registry.npmjs.org/is-symbol/-/is-symbol-1.0.4.tgz",
					"integrity": "sha512-C/CPBqKWnvdcxqIARxyOh4v1UUEOCHpgDa0WYgpKDFMszcrPcffg5uhwSgPCLD2WWxmq6isisz87tzT01tuGhg==",
					"dev": true,
					"requires": {
						"has-symbols": "^1.0.2"
					}
				},
				"is-weakref": {
					"version": "1.0.2",
					"resolved": "https://registry.npmjs.org/is-weakref/-/is-weakref-1.0.2.tgz",
					"integrity": "sha512-qctsuLZmIQ0+vSSMfoVvyFe2+GSEvnmZ2ezTup1SBse9+twCCeial6EEi3Nc2KFcf6+qz2FBPnjXsk8xhKSaPQ==",
					"dev": true,
					"requires": {
						"call-bind": "^1.0.2"
					}
				},
				"js-tokens": {
					"version": "4.0.0",
					"resolved": "https://registry.npmjs.org/js-tokens/-/js-tokens-4.0.0.tgz",
					"integrity": "sha512-RdJUflcE3cUzKiMqQgsCu06FPu9UdIJO0beYbPhHN4k6apgJtifcoCtT9bcxOpYBtpD2kCM6Sbzg4CausW/PKQ==",
					"dev": true
				},
				"jsx-ast-utils": {
					"version": "3.2.2",
					"resolved": "https://registry.npmjs.org/jsx-ast-utils/-/jsx-ast-utils-3.2.2.tgz",
					"integrity": "sha512-HDAyJ4MNQBboGpUnHAVUNJs6X0lh058s6FuixsFGP7MgJYpD6Vasd6nzSG5iIfXu1zAYlHJ/zsOKNlrenTUBnw==",
					"dev": true,
					"requires": {
						"array-includes": "^3.1.4",
						"object.assign": "^4.1.2"
					}
				},
				"loose-envify": {
					"version": "1.4.0",
					"resolved": "https://registry.npmjs.org/loose-envify/-/loose-envify-1.4.0.tgz",
					"integrity": "sha512-lyuxPGr/Wfhrlem2CL/UcnUc1zcqKAImBDzukY7Y5F/yQiNdko6+fRLevlw1HgMySw7f611UIY408EtxRSoK3Q==",
					"dev": true,
					"requires": {
						"js-tokens": "^3.0.0 || ^4.0.0"
					}
				},
				"minimatch": {
					"version": "3.1.2",
					"resolved": "https://registry.npmjs.org/minimatch/-/minimatch-3.1.2.tgz",
					"integrity": "sha512-J7p63hRiAjw1NDEww1W7i37+ByIrOWO5XQQAzZ3VOcL0PNybwpfmV/N05zFAzwQ9USyEcX6t3UO+K5aqBQOIHw==",
					"dev": true,
					"requires": {
						"brace-expansion": "^1.1.7"
					}
				},
				"object-assign": {
					"version": "4.1.1",
					"resolved": "https://registry.npmjs.org/object-assign/-/object-assign-4.1.1.tgz",
					"integrity": "sha1-IQmtx5ZYh8/AXLvUQsrIv7s2CGM=",
					"dev": true
				},
				"object-inspect": {
					"version": "1.12.0",
					"resolved": "https://registry.npmjs.org/object-inspect/-/object-inspect-1.12.0.tgz",
					"integrity": "sha512-Ho2z80bVIvJloH+YzRmpZVQe87+qASmBUKZDWgx9cu+KDrX2ZDH/3tMy+gXbZETVGs2M8YdxObOh7XAtim9Y0g==",
					"dev": true
				},
				"object-keys": {
					"version": "1.1.1",
					"resolved": "https://registry.npmjs.org/object-keys/-/object-keys-1.1.1.tgz",
					"integrity": "sha512-NuAESUOUMrlIXOfHKzD6bpPu3tYt3xvjNdRIQ+FeT0lNb4K8WR70CaDxhuNguS2XG+GjkyMwOzsN5ZktImfhLA==",
					"dev": true
				},
				"object.assign": {
					"version": "4.1.2",
					"resolved": "https://registry.npmjs.org/object.assign/-/object.assign-4.1.2.tgz",
					"integrity": "sha512-ixT2L5THXsApyiUPYKmW+2EHpXXe5Ii3M+f4e+aJFAHao5amFRW6J0OO6c/LU8Be47utCx2GL89hxGB6XSmKuQ==",
					"dev": true,
					"requires": {
						"call-bind": "^1.0.0",
						"define-properties": "^1.1.3",
						"has-symbols": "^1.0.1",
						"object-keys": "^1.1.1"
					}
				},
				"object.entries": {
					"version": "1.1.5",
					"resolved": "https://registry.npmjs.org/object.entries/-/object.entries-1.1.5.tgz",
					"integrity": "sha512-TyxmjUoZggd4OrrU1W66FMDG6CuqJxsFvymeyXI51+vQLN67zYfZseptRge703kKQdo4uccgAKebXFcRCzk4+g==",
					"dev": true,
					"requires": {
						"call-bind": "^1.0.2",
						"define-properties": "^1.1.3",
						"es-abstract": "^1.19.1"
					}
				},
				"object.fromentries": {
					"version": "2.0.5",
					"resolved": "https://registry.npmjs.org/object.fromentries/-/object.fromentries-2.0.5.tgz",
					"integrity": "sha512-CAyG5mWQRRiBU57Re4FKoTBjXfDoNwdFVH2Y1tS9PqCsfUTymAohOkEMSG3aRNKmv4lV3O7p1et7c187q6bynw==",
					"dev": true,
					"requires": {
						"call-bind": "^1.0.2",
						"define-properties": "^1.1.3",
						"es-abstract": "^1.19.1"
					}
				},
				"object.hasown": {
					"version": "1.1.0",
					"resolved": "https://registry.npmjs.org/object.hasown/-/object.hasown-1.1.0.tgz",
					"integrity": "sha512-MhjYRfj3GBlhSkDHo6QmvgjRLXQ2zndabdf3nX0yTyZK9rPfxb6uRpAac8HXNLy1GpqWtZ81Qh4v3uOls2sRAg==",
					"dev": true,
					"requires": {
						"define-properties": "^1.1.3",
						"es-abstract": "^1.19.1"
					}
				},
				"object.values": {
					"version": "1.1.5",
					"resolved": "https://registry.npmjs.org/object.values/-/object.values-1.1.5.tgz",
					"integrity": "sha512-QUZRW0ilQ3PnPpbNtgdNV1PDbEqLIiSFB3l+EnGtBQ/8SUTLj1PZwtQHABZtLgwpJZTSZhuGLOGk57Drx2IvYg==",
					"dev": true,
					"requires": {
						"call-bind": "^1.0.2",
						"define-properties": "^1.1.3",
						"es-abstract": "^1.19.1"
					}
				},
				"path-parse": {
					"version": "1.0.7",
					"resolved": "https://registry.npmjs.org/path-parse/-/path-parse-1.0.7.tgz",
					"integrity": "sha512-LDJzPVEEEPR+y48z93A0Ed0yXb8pAByGWo/k5YYdYgpY2/2EsOsksJrq7lOHxryrVOn1ejG6oAp8ahvOIQD8sw==",
					"dev": true
				},
				"prop-types": {
					"version": "15.8.1",
					"resolved": "https://registry.npmjs.org/prop-types/-/prop-types-15.8.1.tgz",
					"integrity": "sha512-oj87CgZICdulUohogVAR7AjlC0327U4el4L6eAvOqCeudMDVU0NThNaV+b9Df4dXgSP1gXMTnPdhfe/2qDH5cg==",
					"dev": true,
					"requires": {
						"loose-envify": "^1.4.0",
						"object-assign": "^4.1.1",
						"react-is": "^16.13.1"
					}
				},
				"react-is": {
					"version": "16.13.1",
					"resolved": "https://registry.npmjs.org/react-is/-/react-is-16.13.1.tgz",
					"integrity": "sha512-24e6ynE2H+OKt4kqsOvNd8kBpV65zoxbA4BVsEOB3ARVWQki/DHzaUoC5KuON/BiccDaCCTZBuOcfZs70kR8bQ==",
					"dev": true
				},
				"regexp.prototype.flags": {
					"version": "1.4.3",
					"resolved": "https://registry.npmjs.org/regexp.prototype.flags/-/regexp.prototype.flags-1.4.3.tgz",
					"integrity": "sha512-fjggEOO3slI6Wvgjwflkc4NFRCTZAu5CnNfBd5qOMYhWdn67nJBBu34/TkD++eeFmd8C9r9jfXJ27+nSiRkSUA==",
					"dev": true,
					"requires": {
						"call-bind": "^1.0.2",
						"define-properties": "^1.1.3",
						"functions-have-names": "^1.2.2"
					}
				},
				"resolve": {
					"version": "2.0.0-next.3",
					"resolved": "https://registry.npmjs.org/resolve/-/resolve-2.0.0-next.3.tgz",
					"integrity": "sha512-W8LucSynKUIDu9ylraa7ueVZ7hc0uAgJBxVsQSKOXOyle8a93qXhcz+XAXZ8bIq2d6i4Ehddn6Evt+0/UwKk6Q==",
					"dev": true,
					"requires": {
						"is-core-module": "^2.2.0",
						"path-parse": "^1.0.6"
					}
				},
				"semver": {
					"version": "6.3.0",
					"resolved": "https://registry.npmjs.org/semver/-/semver-6.3.0.tgz",
					"integrity": "sha512-b39TBaTSfV6yBrapU89p5fKekE2m/NwnDocOVruQFS1/veMgdzuPcnOM34M6CwxW8jH/lxEa5rBoDeUwu5HHTw==",
					"dev": true
				},
				"side-channel": {
					"version": "1.0.4",
					"resolved": "https://registry.npmjs.org/side-channel/-/side-channel-1.0.4.tgz",
					"integrity": "sha512-q5XPytqFEIKHkGdiMIrY10mvLRvnQh42/+GoBlFW3b2LXLE2xxJpZFdm94we0BaoV3RwJyGqg5wS7epxTv0Zvw==",
					"dev": true,
					"requires": {
						"call-bind": "^1.0.0",
						"get-intrinsic": "^1.0.2",
						"object-inspect": "^1.9.0"
					}
				},
				"string.prototype.matchall": {
					"version": "4.0.7",
					"resolved": "https://registry.npmjs.org/string.prototype.matchall/-/string.prototype.matchall-4.0.7.tgz",
					"integrity": "sha512-f48okCX7JiwVi1NXCVWcFnZgADDC/n2vePlQ/KUCNqCikLLilQvwjMO8+BHVKvgzH0JB0J9LEPgxOGT02RoETg==",
					"dev": true,
					"requires": {
						"call-bind": "^1.0.2",
						"define-properties": "^1.1.3",
						"es-abstract": "^1.19.1",
						"get-intrinsic": "^1.1.1",
						"has-symbols": "^1.0.3",
						"internal-slot": "^1.0.3",
						"regexp.prototype.flags": "^1.4.1",
						"side-channel": "^1.0.4"
					}
				},
				"string.prototype.trimend": {
					"version": "1.0.4",
					"resolved": "https://registry.npmjs.org/string.prototype.trimend/-/string.prototype.trimend-1.0.4.tgz",
					"integrity": "sha512-y9xCjw1P23Awk8EvTpcyL2NIr1j7wJ39f+k6lvRnSMz+mz9CGz9NYPelDk42kOz6+ql8xjfK8oYzy3jAP5QU5A==",
					"dev": true,
					"requires": {
						"call-bind": "^1.0.2",
						"define-properties": "^1.1.3"
					}
				},
				"string.prototype.trimstart": {
					"version": "1.0.4",
					"resolved": "https://registry.npmjs.org/string.prototype.trimstart/-/string.prototype.trimstart-1.0.4.tgz",
					"integrity": "sha512-jh6e984OBfvxS50tdY2nRZnoC5/mLFKOREQfw8t5yytkoUsJRNxvI/E39qu1sD0OtWI3OC0XgKSmcWwziwYuZw==",
					"dev": true,
					"requires": {
						"call-bind": "^1.0.2",
						"define-properties": "^1.1.3"
					}
				},
				"unbox-primitive": {
					"version": "1.0.2",
					"resolved": "https://registry.npmjs.org/unbox-primitive/-/unbox-primitive-1.0.2.tgz",
					"integrity": "sha512-61pPlCD9h51VoreyJ0BReideM3MDKMKnh6+V9L08331ipq6Q8OFXZYiqP6n/tbHx4s5I9uRhcye6BrbkizkBDw==",
					"dev": true,
					"requires": {
						"call-bind": "^1.0.2",
						"has-bigints": "^1.0.2",
						"has-symbols": "^1.0.3",
						"which-boxed-primitive": "^1.0.2"
					}
				},
				"which-boxed-primitive": {
					"version": "1.0.2",
					"resolved": "https://registry.npmjs.org/which-boxed-primitive/-/which-boxed-primitive-1.0.2.tgz",
					"integrity": "sha512-bwZdv0AKLpplFY2KZRX6TvyuN7ojjr7lwkg6ml0roIy9YeuSr7JS372qlNW18UQYzgYK9ziGcerWqZOmEn9VNg==",
					"dev": true,
					"requires": {
						"is-bigint": "^1.0.1",
						"is-boolean-object": "^1.1.0",
						"is-number-object": "^1.0.4",
						"is-string": "^1.0.5",
						"is-symbol": "^1.0.3"
					}
				}
			}
		},
		"faker": {
			"version": "6.6.6",
			"resolved": "https://registry.npmjs.org/faker/-/faker-6.6.6.tgz",
			"integrity": "sha512-9tCqYEDHI5RYFQigXFwF1hnCwcWCOJl/hmll0lr5D2Ljjb0o4wphb69wikeJDz5qCEzXCoPvG6ss5SDP6IfOdg=="
		},
		"rimraf": {
			"version": "3.0.2",
			"resolved": "https://registry.npmjs.org/rimraf/-/rimraf-3.0.2.tgz",
			"integrity": "sha512-JZkJMZkAGFFPP2YqXZXPbMlMBgsxzE8ILs4lMIX/2o0L9UBw9O/Y3o6wFw/i9YLapcUJWwqbi3kdxIPdC62TIA==",
			"dev": true,
			"requires": {
				"glob": "^7.1.3"
			},
			"dependencies": {
				"balanced-match": {
					"version": "1.0.2",
					"resolved": "https://registry.npmjs.org/balanced-match/-/balanced-match-1.0.2.tgz",
					"integrity": "sha512-3oSeUO0TMV67hN1AmbXsK4yaqU7tjiHlbxRDZOpH0KW9+CeX4bRAaX0Anxt0tx2MrpRpWwQaPwIlISEJhYU5Pw==",
					"dev": true
				},
				"brace-expansion": {
					"version": "1.1.11",
					"resolved": "https://registry.npmjs.org/brace-expansion/-/brace-expansion-1.1.11.tgz",
					"integrity": "sha512-iCuPHDFgrHX7H2vEI/5xpz07zSHB00TpugqhmYtVmMO6518mCuRMoOYFldEBl0g187ufozdaHgWKcYFb61qGiA==",
					"dev": true,
					"requires": {
						"balanced-match": "^1.0.0",
						"concat-map": "0.0.1"
					}
				},
				"concat-map": {
					"version": "0.0.1",
					"resolved": "https://registry.npmjs.org/concat-map/-/concat-map-0.0.1.tgz",
					"integrity": "sha512-/Srv4dswyQNBfohGpz9o6Yb3Gz3SrUDqBH5rTuhGR7ahtlbYKnVxw2bCFMRljaA7EXHaXZ8wsHdodFvbkhKmqg==",
					"dev": true
				},
				"fs.realpath": {
					"version": "1.0.0",
					"resolved": "https://registry.npmjs.org/fs.realpath/-/fs.realpath-1.0.0.tgz",
					"integrity": "sha512-OO0pH2lK6a0hZnAdau5ItzHPI6pUlvI7jMVnxUQRtw4owF2wk8lOSabtGDCTP4Ggrg2MbGnWO9X8K1t4+fGMDw==",
					"dev": true
				},
				"glob": {
					"version": "7.2.3",
					"resolved": "https://registry.npmjs.org/glob/-/glob-7.2.3.tgz",
					"integrity": "sha512-nFR0zLpU2YCaRxwoCJvL6UvCH2JFyFVIvwTLsIf21AuHlMskA1hhTdk+LlYJtOlYt9v6dvszD2BGRqBL+iQK9Q==",
					"dev": true,
					"requires": {
						"fs.realpath": "^1.0.0",
						"inflight": "^1.0.4",
						"inherits": "2",
						"minimatch": "^3.1.1",
						"once": "^1.3.0",
						"path-is-absolute": "^1.0.0"
					}
				},
				"inflight": {
					"version": "1.0.6",
					"resolved": "https://registry.npmjs.org/inflight/-/inflight-1.0.6.tgz",
					"integrity": "sha512-k92I/b08q4wvFscXCLvqfsHCrjrF7yiXsQuIVvVE7N82W3+aqpzuUdBbfhWcy/FZR3/4IgflMgKLOsvPDrGCJA==",
					"dev": true,
					"requires": {
						"once": "^1.3.0",
						"wrappy": "1"
					}
				},
				"inherits": {
					"version": "2.0.4",
					"resolved": "https://registry.npmjs.org/inherits/-/inherits-2.0.4.tgz",
					"integrity": "sha512-k/vGaX4/Yla3WzyMCvTQOXYeIHvqOKtnqBduzTHpzpQZzAskKMhZ2K+EnBiSM9zGSoIFeMpXKxa4dYeZIQqewQ==",
					"dev": true
				},
				"minimatch": {
					"version": "3.1.2",
					"resolved": "https://registry.npmjs.org/minimatch/-/minimatch-3.1.2.tgz",
					"integrity": "sha512-J7p63hRiAjw1NDEww1W7i37+ByIrOWO5XQQAzZ3VOcL0PNybwpfmV/N05zFAzwQ9USyEcX6t3UO+K5aqBQOIHw==",
					"dev": true,
					"requires": {
						"brace-expansion": "^1.1.7"
					}
				},
				"once": {
					"version": "1.4.0",
					"resolved": "https://registry.npmjs.org/once/-/once-1.4.0.tgz",
					"integrity": "sha512-lNaJgI+2Q5URQBkccEKHTQOPaXdUxnZZElQTZY0MFUAuaEqe1E+Nyvgdz/aIyNi6Z9MzO5dv1H8n58/GELp3+w==",
					"dev": true,
					"requires": {
						"wrappy": "1"
					}
				},
				"path-is-absolute": {
					"version": "1.0.1",
					"resolved": "https://registry.npmjs.org/path-is-absolute/-/path-is-absolute-1.0.1.tgz",
					"integrity": "sha512-AVbw3UJ2e9bq64vSaS9Am0fje1Pa8pbGqTTsmXfaIiMpnr5DlDhfJOuLj9Sf95ZPVDAUerDfEk88MPmPe7UCQg==",
					"dev": true
				},
				"wrappy": {
					"version": "1.0.2",
					"resolved": "https://registry.npmjs.org/wrappy/-/wrappy-1.0.2.tgz",
					"integrity": "sha512-l4Sp/DRseor9wL6EvV2+TuQn63dMkPjZ/sp9XkghTEbV9KlPS1xUsZ3u7/IQO4wxtcFB4bgpQPRcR3QCvezPcQ==",
					"dev": true
				}
			}
		}
	}
}
